<?xml version="1.0" encoding="UTF-8"?>
<!DOCTYPE plist PUBLIC "-//Apple//DTD PLIST 1.0//EN" "http://www.apple.com/DTDs/PropertyList-1.0.dtd">
<plist version="1.0">
<dict>
	<key>archiveVersion</key>
	<string>1</string>
	<key>classes</key>
	<dict/>
	<key>objectVersion</key>
	<string>46</string>
	<key>objects</key>
	<dict>
		<key>009F053588FA4657C3B60710</key>
		<dict>
			<key>explicitFileType</key>
			<string>wrapper.framework</string>
			<key>includeInIndex</key>
			<string>0</string>
			<key>isa</key>
			<string>PBXFileReference</string>
			<key>path</key>
			<string>Pods_DianBa.framework</string>
			<key>sourceTree</key>
			<string>BUILT_PRODUCTS_DIR</string>
		</dict>
		<key>00E592151E12A75100065BC4</key>
		<dict>
			<key>fileEncoding</key>
			<string>4</string>
			<key>isa</key>
			<string>PBXFileReference</string>
			<key>lastKnownFileType</key>
			<string>text.plist.xml</string>
			<key>path</key>
			<string>cityGroups.plist</string>
			<key>sourceTree</key>
			<string>&lt;group&gt;</string>
		</dict>
		<key>00E592161E12A75100065BC4</key>
		<dict>
			<key>fileRef</key>
			<string>00E592151E12A75100065BC4</string>
			<key>isa</key>
			<string>PBXBuildFile</string>
		</dict>
		<key>15C87776DD7D03F74168176E</key>
		<dict>
			<key>buildActionMask</key>
			<string>2147483647</string>
			<key>files</key>
			<array/>
			<key>inputPaths</key>
			<array/>
			<key>isa</key>
			<string>PBXShellScriptBuildPhase</string>
			<key>name</key>
			<string>[CP] Check Pods Manifest.lock</string>
			<key>outputPaths</key>
			<array/>
			<key>runOnlyForDeploymentPostprocessing</key>
			<string>0</string>
			<key>shellPath</key>
			<string>/bin/sh</string>
			<key>shellScript</key>
			<string>diff "${PODS_ROOT}/../Podfile.lock" "${PODS_ROOT}/Manifest.lock" &gt; /dev/null
if [[ $? != 0 ]] ; then
    cat &lt;&lt; EOM
error: The sandbox is not in sync with the Podfile.lock. Run 'pod install' or update your CocoaPods installation.
EOM
    exit 1
fi
</string>
			<key>showEnvVarsInLog</key>
			<string>0</string>
		</dict>
		<key>3840CEA18A19C77393B263F3</key>
		<dict>
			<key>buildActionMask</key>
			<string>2147483647</string>
			<key>files</key>
			<array/>
			<key>inputPaths</key>
			<array/>
			<key>isa</key>
			<string>PBXShellScriptBuildPhase</string>
			<key>name</key>
			<string>[CP] Embed Pods Frameworks</string>
			<key>outputPaths</key>
			<array/>
			<key>runOnlyForDeploymentPostprocessing</key>
			<string>0</string>
			<key>shellPath</key>
			<string>/bin/sh</string>
			<key>shellScript</key>
			<string>"${SRCROOT}/Pods/Target Support Files/Pods-DianBa/Pods-DianBa-frameworks.sh"
</string>
			<key>showEnvVarsInLog</key>
			<string>0</string>
		</dict>
		<key>7AB61EC6EF0A9EF970082E7F</key>
		<dict>
			<key>includeInIndex</key>
			<string>1</string>
			<key>isa</key>
			<string>PBXFileReference</string>
			<key>lastKnownFileType</key>
			<string>text.xcconfig</string>
			<key>name</key>
			<string>Pods-DianBa.debug.xcconfig</string>
			<key>path</key>
			<string>Pods/Target Support Files/Pods-DianBa/Pods-DianBa.debug.xcconfig</string>
			<key>sourceTree</key>
			<string>&lt;group&gt;</string>
		</dict>
		<key>9CC19962003B302C011C8299</key>
		<dict>
			<key>children</key>
			<array>
				<string>009F053588FA4657C3B60710</string>
			</array>
			<key>isa</key>
			<string>PBXGroup</string>
			<key>name</key>
			<string>Frameworks</string>
			<key>sourceTree</key>
			<string>&lt;group&gt;</string>
		</dict>
		<key>CD092C989EB38F76C0A2CCF6</key>
		<dict>
			<key>buildActionMask</key>
			<string>2147483647</string>
			<key>files</key>
			<array/>
			<key>inputPaths</key>
			<array/>
			<key>isa</key>
			<string>PBXShellScriptBuildPhase</string>
			<key>name</key>
			<string>[CP] Copy Pods Resources</string>
			<key>outputPaths</key>
			<array/>
			<key>runOnlyForDeploymentPostprocessing</key>
			<string>0</string>
			<key>shellPath</key>
			<string>/bin/sh</string>
			<key>shellScript</key>
			<string>"${SRCROOT}/Pods/Target Support Files/Pods-DianBa/Pods-DianBa-resources.sh"
</string>
			<key>showEnvVarsInLog</key>
			<string>0</string>
		</dict>
		<key>CF01136A59D8393F1EC27771</key>
		<dict>
			<key>fileRef</key>
			<string>009F053588FA4657C3B60710</string>
			<key>isa</key>
			<string>PBXBuildFile</string>
		</dict>
		<key>EF24DA381E132FD0006AA5E2</key>
		<dict>
			<key>children</key>
			<array>
				<string>EF24DA791E132FD0006AA5E2</string>
				<string>EF24DA391E132FD0006AA5E2</string>
				<string>EF24DA4F1E132FD0006AA5E2</string>
				<string>EF24DA551E132FD0006AA5E2</string>
				<string>EF24DA591E132FD0006AA5E2</string>
				<string>EF24DA5F1E132FD0006AA5E2</string>
			</array>
			<key>isa</key>
			<string>PBXGroup</string>
			<key>path</key>
			<string>Class</string>
			<key>sourceTree</key>
			<string>&lt;group&gt;</string>
		</dict>
		<key>EF24DA391E132FD0006AA5E2</key>
		<dict>
			<key>children</key>
			<array>
				<string>EF24DA3A1E132FD0006AA5E2</string>
				<string>EF24DA3D1E132FD0006AA5E2</string>
				<string>EF24DA471E132FD0006AA5E2</string>
				<string>EF24DA481E132FD0006AA5E2</string>
				<string>EF24DA4E1E132FD0006AA5E2</string>
			</array>
			<key>isa</key>
			<string>PBXGroup</string>
			<key>path</key>
			<string>HomePage</string>
			<key>sourceTree</key>
			<string>&lt;group&gt;</string>
		</dict>
		<key>EF24DA3A1E132FD0006AA5E2</key>
		<dict>
			<key>children</key>
			<array>
				<string>EF24DA3B1E132FD0006AA5E2</string>
				<string>EF24DA3C1E132FD0006AA5E2</string>
			</array>
			<key>isa</key>
			<string>PBXGroup</string>
			<key>path</key>
			<string>Controller</string>
			<key>sourceTree</key>
			<string>&lt;group&gt;</string>
		</dict>
		<key>EF24DA3B1E132FD0006AA5E2</key>
		<dict>
			<key>fileEncoding</key>
			<string>4</string>
			<key>isa</key>
			<string>PBXFileReference</string>
			<key>lastKnownFileType</key>
			<string>sourcecode.c.h</string>
			<key>path</key>
			<string>HomePageViewController.h</string>
			<key>sourceTree</key>
			<string>&lt;group&gt;</string>
		</dict>
		<key>EF24DA3C1E132FD0006AA5E2</key>
		<dict>
			<key>fileEncoding</key>
			<string>4</string>
			<key>isa</key>
			<string>PBXFileReference</string>
			<key>lastKnownFileType</key>
			<string>sourcecode.c.objc</string>
			<key>path</key>
			<string>HomePageViewController.m</string>
			<key>sourceTree</key>
			<string>&lt;group&gt;</string>
		</dict>
		<key>EF24DA3D1E132FD0006AA5E2</key>
		<dict>
			<key>children</key>
			<array>
				<string>EF24DA3E1E132FD0006AA5E2</string>
				<string>EF24DA411E132FD0006AA5E2</string>
				<string>EF24DA421E132FD0006AA5E2</string>
			</array>
			<key>isa</key>
			<string>PBXGroup</string>
			<key>path</key>
			<string>Map</string>
			<key>sourceTree</key>
			<string>&lt;group&gt;</string>
		</dict>
		<key>EF24DA3E1E132FD0006AA5E2</key>
		<dict>
			<key>children</key>
			<array>
				<string>EF24DA3F1E132FD0006AA5E2</string>
				<string>EF24DA401E132FD0006AA5E2</string>
			</array>
			<key>isa</key>
			<string>PBXGroup</string>
			<key>path</key>
			<string>Controller</string>
			<key>sourceTree</key>
			<string>&lt;group&gt;</string>
		</dict>
		<key>EF24DA3F1E132FD0006AA5E2</key>
		<dict>
			<key>fileEncoding</key>
			<string>4</string>
			<key>isa</key>
			<string>PBXFileReference</string>
			<key>lastKnownFileType</key>
			<string>sourcecode.c.h</string>
			<key>path</key>
			<string>CityList.h</string>
			<key>sourceTree</key>
			<string>&lt;group&gt;</string>
		</dict>
		<key>EF24DA401E132FD0006AA5E2</key>
		<dict>
			<key>fileEncoding</key>
			<string>4</string>
			<key>isa</key>
			<string>PBXFileReference</string>
			<key>lastKnownFileType</key>
			<string>sourcecode.c.objc</string>
			<key>path</key>
			<string>CityList.m</string>
			<key>sourceTree</key>
			<string>&lt;group&gt;</string>
		</dict>
		<key>EF24DA411E132FD0006AA5E2</key>
		<dict>
			<key>children</key>
			<array/>
			<key>isa</key>
			<string>PBXGroup</string>
			<key>path</key>
			<string>Model</string>
			<key>sourceTree</key>
			<string>&lt;group&gt;</string>
		</dict>
		<key>EF24DA421E132FD0006AA5E2</key>
		<dict>
			<key>children</key>
			<array>
				<string>EF24DA431E132FD0006AA5E2</string>
				<string>EF24DA441E132FD0006AA5E2</string>
				<string>EF24DA451E132FD0006AA5E2</string>
				<string>EF24DA461E132FD0006AA5E2</string>
			</array>
			<key>isa</key>
			<string>PBXGroup</string>
			<key>path</key>
			<string>View</string>
			<key>sourceTree</key>
			<string>&lt;group&gt;</string>
		</dict>
		<key>EF24DA431E132FD0006AA5E2</key>
		<dict>
			<key>fileEncoding</key>
			<string>4</string>
			<key>isa</key>
			<string>PBXFileReference</string>
			<key>lastKnownFileType</key>
			<string>sourcecode.c.h</string>
			<key>path</key>
			<string>CityCollectionCell.h</string>
			<key>sourceTree</key>
			<string>&lt;group&gt;</string>
		</dict>
		<key>EF24DA441E132FD0006AA5E2</key>
		<dict>
			<key>fileEncoding</key>
			<string>4</string>
			<key>isa</key>
			<string>PBXFileReference</string>
			<key>lastKnownFileType</key>
			<string>sourcecode.c.objc</string>
			<key>path</key>
			<string>CityCollectionCell.m</string>
			<key>sourceTree</key>
			<string>&lt;group&gt;</string>
		</dict>
		<key>EF24DA451E132FD0006AA5E2</key>
		<dict>
			<key>fileEncoding</key>
			<string>4</string>
			<key>isa</key>
			<string>PBXFileReference</string>
			<key>lastKnownFileType</key>
			<string>sourcecode.c.h</string>
			<key>path</key>
			<string>CityCollectionHeadView.h</string>
			<key>sourceTree</key>
			<string>&lt;group&gt;</string>
		</dict>
		<key>EF24DA461E132FD0006AA5E2</key>
		<dict>
			<key>fileEncoding</key>
			<string>4</string>
			<key>isa</key>
			<string>PBXFileReference</string>
			<key>lastKnownFileType</key>
			<string>sourcecode.c.objc</string>
			<key>path</key>
			<string>CityCollectionHeadView.m</string>
			<key>sourceTree</key>
			<string>&lt;group&gt;</string>
		</dict>
		<key>EF24DA471E132FD0006AA5E2</key>
		<dict>
			<key>children</key>
			<array/>
			<key>isa</key>
			<string>PBXGroup</string>
			<key>path</key>
			<string>Model</string>
			<key>sourceTree</key>
			<string>&lt;group&gt;</string>
		</dict>
		<key>EF24DA481E132FD0006AA5E2</key>
		<dict>
			<key>children</key>
			<array>
				<string>EF24DA491E132FD0006AA5E2</string>
				<string>EF24DA4C1E132FD0006AA5E2</string>
				<string>EF24DA4D1E132FD0006AA5E2</string>
			</array>
			<key>isa</key>
			<string>PBXGroup</string>
			<key>path</key>
			<string>Search</string>
			<key>sourceTree</key>
			<string>&lt;group&gt;</string>
		</dict>
		<key>EF24DA491E132FD0006AA5E2</key>
		<dict>
			<key>children</key>
			<array>
				<string>EF24DA4A1E132FD0006AA5E2</string>
				<string>EF24DA4B1E132FD0006AA5E2</string>
			</array>
			<key>isa</key>
			<string>PBXGroup</string>
			<key>path</key>
			<string>Controller</string>
			<key>sourceTree</key>
			<string>&lt;group&gt;</string>
		</dict>
		<key>EF24DA4A1E132FD0006AA5E2</key>
		<dict>
			<key>fileEncoding</key>
			<string>4</string>
			<key>isa</key>
			<string>PBXFileReference</string>
			<key>lastKnownFileType</key>
			<string>sourcecode.c.h</string>
			<key>path</key>
			<string>SearchTableViewController.h</string>
			<key>sourceTree</key>
			<string>&lt;group&gt;</string>
		</dict>
		<key>EF24DA4B1E132FD0006AA5E2</key>
		<dict>
			<key>fileEncoding</key>
			<string>4</string>
			<key>isa</key>
			<string>PBXFileReference</string>
			<key>lastKnownFileType</key>
			<string>sourcecode.c.objc</string>
			<key>path</key>
			<string>SearchTableViewController.m</string>
			<key>sourceTree</key>
			<string>&lt;group&gt;</string>
		</dict>
		<key>EF24DA4C1E132FD0006AA5E2</key>
		<dict>
			<key>children</key>
			<array/>
			<key>isa</key>
			<string>PBXGroup</string>
			<key>path</key>
			<string>Model</string>
			<key>sourceTree</key>
			<string>&lt;group&gt;</string>
		</dict>
		<key>EF24DA4D1E132FD0006AA5E2</key>
		<dict>
			<key>children</key>
			<array/>
			<key>isa</key>
			<string>PBXGroup</string>
			<key>path</key>
			<string>View</string>
			<key>sourceTree</key>
			<string>&lt;group&gt;</string>
		</dict>
		<key>EF24DA4E1E132FD0006AA5E2</key>
		<dict>
			<key>children</key>
			<array/>
			<key>isa</key>
			<string>PBXGroup</string>
			<key>path</key>
			<string>View</string>
			<key>sourceTree</key>
			<string>&lt;group&gt;</string>
		</dict>
		<key>EF24DA4F1E132FD0006AA5E2</key>
		<dict>
			<key>children</key>
			<array>
				<string>EF24DA501E132FD0006AA5E2</string>
				<string>EF24DA531E132FD0006AA5E2</string>
				<string>EF24DA541E132FD0006AA5E2</string>
			</array>
			<key>isa</key>
			<string>PBXGroup</string>
			<key>path</key>
			<string>Mine</string>
			<key>sourceTree</key>
			<string>&lt;group&gt;</string>
		</dict>
		<key>EF24DA501E132FD0006AA5E2</key>
		<dict>
			<key>children</key>
			<array>
				<string>EF24DA511E132FD0006AA5E2</string>
				<string>EF24DA521E132FD0006AA5E2</string>
			</array>
			<key>isa</key>
			<string>PBXGroup</string>
			<key>path</key>
			<string>Controller</string>
			<key>sourceTree</key>
			<string>&lt;group&gt;</string>
		</dict>
		<key>EF24DA511E132FD0006AA5E2</key>
		<dict>
			<key>fileEncoding</key>
			<string>4</string>
			<key>isa</key>
			<string>PBXFileReference</string>
			<key>lastKnownFileType</key>
			<string>sourcecode.c.h</string>
			<key>path</key>
			<string>MineViewController.h</string>
			<key>sourceTree</key>
			<string>&lt;group&gt;</string>
		</dict>
		<key>EF24DA521E132FD0006AA5E2</key>
		<dict>
			<key>fileEncoding</key>
			<string>4</string>
			<key>isa</key>
			<string>PBXFileReference</string>
			<key>lastKnownFileType</key>
			<string>sourcecode.c.objc</string>
			<key>path</key>
			<string>MineViewController.m</string>
			<key>sourceTree</key>
			<string>&lt;group&gt;</string>
		</dict>
		<key>EF24DA531E132FD0006AA5E2</key>
		<dict>
			<key>children</key>
			<array/>
			<key>isa</key>
			<string>PBXGroup</string>
			<key>path</key>
			<string>Model</string>
			<key>sourceTree</key>
			<string>&lt;group&gt;</string>
		</dict>
		<key>EF24DA541E132FD0006AA5E2</key>
		<dict>
			<key>children</key>
			<array/>
			<key>isa</key>
			<string>PBXGroup</string>
			<key>path</key>
			<string>View</string>
			<key>sourceTree</key>
			<string>&lt;group&gt;</string>
		</dict>
		<key>EF24DA551E132FD0006AA5E2</key>
		<dict>
			<key>children</key>
			<array>
				<string>EF24DA561E132FD0006AA5E2</string>
				<string>EF24DA571E132FD0006AA5E2</string>
				<string>EF24DA581E132FD0006AA5E2</string>
			</array>
			<key>isa</key>
			<string>PBXGroup</string>
			<key>path</key>
			<string>Order</string>
			<key>sourceTree</key>
			<string>&lt;group&gt;</string>
		</dict>
		<key>EF24DA561E132FD0006AA5E2</key>
		<dict>
			<key>children</key>
			<array>
				<string>EF24DAA91E1330E8006AA5E2</string>
				<string>EF24DAAA1E1330E8006AA5E2</string>
			</array>
			<key>isa</key>
			<string>PBXGroup</string>
			<key>path</key>
			<string>Controller</string>
			<key>sourceTree</key>
			<string>&lt;group&gt;</string>
		</dict>
		<key>EF24DA571E132FD0006AA5E2</key>
		<dict>
			<key>children</key>
			<array/>
			<key>isa</key>
			<string>PBXGroup</string>
			<key>path</key>
			<string>Model</string>
			<key>sourceTree</key>
			<string>&lt;group&gt;</string>
		</dict>
		<key>EF24DA581E132FD0006AA5E2</key>
		<dict>
			<key>children</key>
			<array>
				<string>EF24DAAC1E1330EF006AA5E2</string>
				<string>EF24DAAD1E1330EF006AA5E2</string>
				<string>EF24DAAE1E1330EF006AA5E2</string>
				<string>EF24DAAF1E1330EF006AA5E2</string>
				<string>EF24DAB01E1330EF006AA5E2</string>
				<string>EF24DAB11E1330EF006AA5E2</string>
				<string>EF24DAB21E1330EF006AA5E2</string>
				<string>EF24DAB31E1330EF006AA5E2</string>
			</array>
			<key>isa</key>
			<string>PBXGroup</string>
			<key>path</key>
			<string>View</string>
			<key>sourceTree</key>
			<string>&lt;group&gt;</string>
		</dict>
		<key>EF24DA591E132FD0006AA5E2</key>
		<dict>
			<key>children</key>
			<array>
				<string>EF24DA5A1E132FD0006AA5E2</string>
				<string>EF24DA5D1E132FD0006AA5E2</string>
				<string>EF24DA5E1E132FD0006AA5E2</string>
			</array>
			<key>isa</key>
			<string>PBXGroup</string>
			<key>path</key>
			<string>OrderFrom</string>
			<key>sourceTree</key>
			<string>&lt;group&gt;</string>
		</dict>
		<key>EF24DA5A1E132FD0006AA5E2</key>
		<dict>
			<key>children</key>
			<array>
				<string>EF24DA5B1E132FD0006AA5E2</string>
				<string>EF24DA5C1E132FD0006AA5E2</string>
			</array>
			<key>isa</key>
			<string>PBXGroup</string>
			<key>path</key>
			<string>Controller</string>
			<key>sourceTree</key>
			<string>&lt;group&gt;</string>
		</dict>
		<key>EF24DA5B1E132FD0006AA5E2</key>
		<dict>
			<key>fileEncoding</key>
			<string>4</string>
			<key>isa</key>
			<string>PBXFileReference</string>
			<key>lastKnownFileType</key>
			<string>sourcecode.c.h</string>
			<key>path</key>
			<string>OrderFormViewController.h</string>
			<key>sourceTree</key>
			<string>&lt;group&gt;</string>
		</dict>
		<key>EF24DA5C1E132FD0006AA5E2</key>
		<dict>
			<key>fileEncoding</key>
			<string>4</string>
			<key>isa</key>
			<string>PBXFileReference</string>
			<key>lastKnownFileType</key>
			<string>sourcecode.c.objc</string>
			<key>path</key>
			<string>OrderFormViewController.m</string>
			<key>sourceTree</key>
			<string>&lt;group&gt;</string>
		</dict>
		<key>EF24DA5D1E132FD0006AA5E2</key>
		<dict>
			<key>children</key>
			<array/>
			<key>isa</key>
			<string>PBXGroup</string>
			<key>path</key>
			<string>Model</string>
			<key>sourceTree</key>
			<string>&lt;group&gt;</string>
		</dict>
		<key>EF24DA5E1E132FD0006AA5E2</key>
		<dict>
			<key>children</key>
			<array/>
			<key>isa</key>
			<string>PBXGroup</string>
			<key>path</key>
			<string>View</string>
			<key>sourceTree</key>
			<string>&lt;group&gt;</string>
		</dict>
		<key>EF24DA5F1E132FD0006AA5E2</key>
		<dict>
			<key>children</key>
			<array>
				<string>EF24DA9A1E133093006AA5E2</string>
				<string>EF24DA9B1E133093006AA5E2</string>
				<string>EF24DA9C1E133093006AA5E2</string>
				<string>EF24DA9D1E133093006AA5E2</string>
				<string>EF24DA9E1E133093006AA5E2</string>
				<string>EF24DA9F1E133093006AA5E2</string>
				<string>EF24DA601E132FD0006AA5E2</string>
				<string>EF24DA631E132FD0006AA5E2</string>
			</array>
			<key>isa</key>
			<string>PBXGroup</string>
			<key>path</key>
			<string>Other</string>
			<key>sourceTree</key>
			<string>&lt;group&gt;</string>
		</dict>
		<key>EF24DA601E132FD0006AA5E2</key>
		<dict>
			<key>children</key>
			<array>
				<string>EF24DAA31E1330C1006AA5E2</string>
				<string>EF24DAA41E1330C1006AA5E2</string>
				<string>EF24DAA61E1330CE006AA5E2</string>
				<string>EF24DAA71E1330CE006AA5E2</string>
				<string>EF24DA611E132FD0006AA5E2</string>
				<string>EF24DA621E132FD0006AA5E2</string>
			</array>
			<key>isa</key>
			<string>PBXGroup</string>
			<key>path</key>
			<string>Category</string>
			<key>sourceTree</key>
			<string>&lt;group&gt;</string>
		</dict>
		<key>EF24DA611E132FD0006AA5E2</key>
		<dict>
			<key>fileEncoding</key>
			<string>4</string>
			<key>isa</key>
			<string>PBXFileReference</string>
			<key>lastKnownFileType</key>
			<string>sourcecode.c.h</string>
			<key>path</key>
			<string>UIBarButtonItem+Extension.h</string>
			<key>sourceTree</key>
			<string>&lt;group&gt;</string>
		</dict>
		<key>EF24DA621E132FD0006AA5E2</key>
		<dict>
			<key>fileEncoding</key>
			<string>4</string>
			<key>isa</key>
			<string>PBXFileReference</string>
			<key>lastKnownFileType</key>
			<string>sourcecode.c.objc</string>
			<key>path</key>
			<string>UIBarButtonItem+Extension.m</string>
			<key>sourceTree</key>
			<string>&lt;group&gt;</string>
		</dict>
		<key>EF24DA631E132FD0006AA5E2</key>
		<dict>
			<key>children</key>
			<array>
				<string>EF24DA641E132FD0006AA5E2</string>
				<string>EF24DA671E132FD0006AA5E2</string>
			</array>
			<key>isa</key>
			<string>PBXGroup</string>
			<key>path</key>
			<string>Lib</string>
			<key>sourceTree</key>
			<string>&lt;group&gt;</string>
		</dict>
		<key>EF24DA641E132FD0006AA5E2</key>
		<dict>
			<key>children</key>
			<array>
				<string>EF24DA651E132FD0006AA5E2</string>
			</array>
			<key>isa</key>
			<string>PBXGroup</string>
			<key>path</key>
			<string>usr</string>
			<key>sourceTree</key>
			<string>&lt;group&gt;</string>
		</dict>
		<key>EF24DA651E132FD0006AA5E2</key>
		<dict>
			<key>children</key>
			<array>
				<string>EF24DA661E132FD0006AA5E2</string>
			</array>
			<key>isa</key>
			<string>PBXGroup</string>
			<key>path</key>
			<string>local</string>
			<key>sourceTree</key>
			<string>&lt;group&gt;</string>
		</dict>
		<key>EF24DA661E132FD0006AA5E2</key>
		<dict>
			<key>children</key>
			<array/>
			<key>isa</key>
			<string>PBXGroup</string>
			<key>path</key>
			<string>include</string>
			<key>sourceTree</key>
			<string>&lt;group&gt;</string>
		</dict>
		<key>EF24DA671E132FD0006AA5E2</key>
		<dict>
			<key>children</key>
			<array>
				<string>EF24DA681E132FD0006AA5E2</string>
				<string>EF24DA691E132FD0006AA5E2</string>
				<string>EF24DA6A1E132FD0006AA5E2</string>
				<string>EF24DA6B1E132FD0006AA5E2</string>
				<string>EF24DA6C1E132FD0006AA5E2</string>
				<string>EF24DA6D1E132FD0006AA5E2</string>
				<string>EF24DA6E1E132FD0006AA5E2</string>
				<string>EF24DA6F1E132FD0006AA5E2</string>
				<string>EF24DA701E132FD0006AA5E2</string>
				<string>EF24DA711E132FD0006AA5E2</string>
				<string>EF24DA721E132FD0006AA5E2</string>
				<string>EF24DA731E132FD0006AA5E2</string>
				<string>EF24DA741E132FD0006AA5E2</string>
				<string>EF24DA751E132FD0006AA5E2</string>
				<string>EF24DA761E132FD0006AA5E2</string>
				<string>EF24DA771E132FD0006AA5E2</string>
				<string>EF24DA781E132FD0006AA5E2</string>
			</array>
			<key>isa</key>
			<string>PBXGroup</string>
			<key>path</key>
			<string>ZYPinYinSearchLib</string>
			<key>sourceTree</key>
			<string>&lt;group&gt;</string>
		</dict>
		<key>EF24DA681E132FD0006AA5E2</key>
		<dict>
			<key>fileEncoding</key>
			<string>4</string>
			<key>isa</key>
			<string>PBXFileReference</string>
			<key>lastKnownFileType</key>
			<string>sourcecode.c.h</string>
			<key>path</key>
			<string>ChineseInclude.h</string>
			<key>sourceTree</key>
			<string>&lt;group&gt;</string>
		</dict>
		<key>EF24DA691E132FD0006AA5E2</key>
		<dict>
			<key>fileEncoding</key>
			<string>4</string>
			<key>isa</key>
			<string>PBXFileReference</string>
			<key>lastKnownFileType</key>
			<string>sourcecode.c.objc</string>
			<key>path</key>
			<string>ChineseInclude.m</string>
			<key>sourceTree</key>
			<string>&lt;group&gt;</string>
		</dict>
		<key>EF24DA6A1E132FD0006AA5E2</key>
		<dict>
			<key>fileEncoding</key>
			<string>4</string>
			<key>isa</key>
			<string>PBXFileReference</string>
			<key>lastKnownFileType</key>
			<string>sourcecode.c.h</string>
			<key>path</key>
			<string>ChineseToPinyinResource.h</string>
			<key>sourceTree</key>
			<string>&lt;group&gt;</string>
		</dict>
		<key>EF24DA6B1E132FD0006AA5E2</key>
		<dict>
			<key>fileEncoding</key>
			<string>4</string>
			<key>isa</key>
			<string>PBXFileReference</string>
			<key>lastKnownFileType</key>
			<string>sourcecode.c.objc</string>
			<key>path</key>
			<string>ChineseToPinyinResource.m</string>
			<key>sourceTree</key>
			<string>&lt;group&gt;</string>
		</dict>
		<key>EF24DA6C1E132FD0006AA5E2</key>
		<dict>
			<key>fileEncoding</key>
			<string>4</string>
			<key>isa</key>
			<string>PBXFileReference</string>
			<key>lastKnownFileType</key>
			<string>sourcecode.c.h</string>
			<key>path</key>
			<string>HanyuPinyinOutputFormat.h</string>
			<key>sourceTree</key>
			<string>&lt;group&gt;</string>
		</dict>
		<key>EF24DA6D1E132FD0006AA5E2</key>
		<dict>
			<key>fileEncoding</key>
			<string>4</string>
			<key>isa</key>
			<string>PBXFileReference</string>
			<key>lastKnownFileType</key>
			<string>sourcecode.c.objc</string>
			<key>path</key>
			<string>HanyuPinyinOutputFormat.m</string>
			<key>sourceTree</key>
			<string>&lt;group&gt;</string>
		</dict>
		<key>EF24DA6E1E132FD0006AA5E2</key>
		<dict>
			<key>fileEncoding</key>
			<string>4</string>
			<key>isa</key>
			<string>PBXFileReference</string>
			<key>lastKnownFileType</key>
			<string>sourcecode.c.h</string>
			<key>path</key>
			<string>NSString+PinYin4Cocoa.h</string>
			<key>sourceTree</key>
			<string>&lt;group&gt;</string>
		</dict>
		<key>EF24DA6F1E132FD0006AA5E2</key>
		<dict>
			<key>fileEncoding</key>
			<string>4</string>
			<key>isa</key>
			<string>PBXFileReference</string>
			<key>lastKnownFileType</key>
			<string>sourcecode.c.objc</string>
			<key>path</key>
			<string>NSString+PinYin4Cocoa.m</string>
			<key>sourceTree</key>
			<string>&lt;group&gt;</string>
		</dict>
		<key>EF24DA701E132FD0006AA5E2</key>
		<dict>
			<key>fileEncoding</key>
			<string>4</string>
			<key>isa</key>
			<string>PBXFileReference</string>
			<key>lastKnownFileType</key>
			<string>sourcecode.c.h</string>
			<key>path</key>
			<string>PinyinFormatter.h</string>
			<key>sourceTree</key>
			<string>&lt;group&gt;</string>
		</dict>
		<key>EF24DA711E132FD0006AA5E2</key>
		<dict>
			<key>fileEncoding</key>
			<string>4</string>
			<key>isa</key>
			<string>PBXFileReference</string>
			<key>lastKnownFileType</key>
			<string>sourcecode.c.objc</string>
			<key>path</key>
			<string>PinyinFormatter.m</string>
			<key>sourceTree</key>
			<string>&lt;group&gt;</string>
		</dict>
		<key>EF24DA721E132FD0006AA5E2</key>
		<dict>
			<key>fileEncoding</key>
			<string>4</string>
			<key>isa</key>
			<string>PBXFileReference</string>
			<key>lastKnownFileType</key>
			<string>sourcecode.c.h</string>
			<key>path</key>
			<string>PinYinForObjc.h</string>
			<key>sourceTree</key>
			<string>&lt;group&gt;</string>
		</dict>
		<key>EF24DA731E132FD0006AA5E2</key>
		<dict>
			<key>fileEncoding</key>
			<string>4</string>
			<key>isa</key>
			<string>PBXFileReference</string>
			<key>lastKnownFileType</key>
			<string>sourcecode.c.objc</string>
			<key>path</key>
			<string>PinYinForObjc.m</string>
			<key>sourceTree</key>
			<string>&lt;group&gt;</string>
		</dict>
		<key>EF24DA741E132FD0006AA5E2</key>
		<dict>
			<key>fileEncoding</key>
			<string>4</string>
			<key>isa</key>
			<string>PBXFileReference</string>
			<key>lastKnownFileType</key>
			<string>sourcecode.c.h</string>
			<key>path</key>
			<string>PinyinHelper.h</string>
			<key>sourceTree</key>
			<string>&lt;group&gt;</string>
		</dict>
		<key>EF24DA751E132FD0006AA5E2</key>
		<dict>
			<key>fileEncoding</key>
			<string>4</string>
			<key>isa</key>
			<string>PBXFileReference</string>
			<key>lastKnownFileType</key>
			<string>sourcecode.c.objc</string>
			<key>path</key>
			<string>PinyinHelper.m</string>
			<key>sourceTree</key>
			<string>&lt;group&gt;</string>
		</dict>
		<key>EF24DA761E132FD0006AA5E2</key>
		<dict>
			<key>fileEncoding</key>
			<string>4</string>
			<key>isa</key>
			<string>PBXFileReference</string>
			<key>lastKnownFileType</key>
			<string>text</string>
			<key>path</key>
			<string>unicode_to_hanyu_pinyin.txt</string>
			<key>sourceTree</key>
			<string>&lt;group&gt;</string>
		</dict>
		<key>EF24DA771E132FD0006AA5E2</key>
		<dict>
			<key>fileEncoding</key>
			<string>4</string>
			<key>isa</key>
			<string>PBXFileReference</string>
			<key>lastKnownFileType</key>
			<string>sourcecode.c.h</string>
			<key>path</key>
			<string>ZYPinYinSearch.h</string>
			<key>sourceTree</key>
			<string>&lt;group&gt;</string>
		</dict>
		<key>EF24DA781E132FD0006AA5E2</key>
		<dict>
			<key>fileEncoding</key>
			<string>4</string>
			<key>isa</key>
			<string>PBXFileReference</string>
			<key>lastKnownFileType</key>
			<string>sourcecode.c.objc</string>
			<key>path</key>
			<string>ZYPinYinSearch.m</string>
			<key>sourceTree</key>
			<string>&lt;group&gt;</string>
		</dict>
		<key>EF24DA791E132FD0006AA5E2</key>
		<dict>
			<key>children</key>
			<array>
				<string>EF24DA7A1E132FD0006AA5E2</string>
				<string>EF24DA7D1E132FD0006AA5E2</string>
				<string>EF24DA7E1E132FD0006AA5E2</string>
			</array>
			<key>isa</key>
			<string>PBXGroup</string>
			<key>path</key>
			<string>TakeOut</string>
			<key>sourceTree</key>
			<string>&lt;group&gt;</string>
		</dict>
		<key>EF24DA7A1E132FD0006AA5E2</key>
		<dict>
			<key>children</key>
			<array>
				<string>EF24DA7B1E132FD0006AA5E2</string>
				<string>EF24DA7C1E132FD0006AA5E2</string>
			</array>
			<key>isa</key>
			<string>PBXGroup</string>
			<key>path</key>
			<string>Controller</string>
			<key>sourceTree</key>
			<string>&lt;group&gt;</string>
		</dict>
		<key>EF24DA7B1E132FD0006AA5E2</key>
		<dict>
			<key>fileEncoding</key>
			<string>4</string>
			<key>isa</key>
			<string>PBXFileReference</string>
			<key>lastKnownFileType</key>
			<string>sourcecode.c.h</string>
			<key>path</key>
			<string>TakeOutViewController.h</string>
			<key>sourceTree</key>
			<string>&lt;group&gt;</string>
		</dict>
		<key>EF24DA7C1E132FD0006AA5E2</key>
		<dict>
			<key>fileEncoding</key>
			<string>4</string>
			<key>isa</key>
			<string>PBXFileReference</string>
			<key>lastKnownFileType</key>
			<string>sourcecode.c.objc</string>
			<key>path</key>
			<string>TakeOutViewController.m</string>
			<key>sourceTree</key>
			<string>&lt;group&gt;</string>
		</dict>
		<key>EF24DA7D1E132FD0006AA5E2</key>
		<dict>
			<key>children</key>
			<array/>
			<key>isa</key>
			<string>PBXGroup</string>
			<key>path</key>
			<string>Model</string>
			<key>sourceTree</key>
			<string>&lt;group&gt;</string>
		</dict>
		<key>EF24DA7E1E132FD0006AA5E2</key>
		<dict>
			<key>children</key>
			<array/>
			<key>isa</key>
			<string>PBXGroup</string>
			<key>path</key>
			<string>View</string>
			<key>sourceTree</key>
			<string>&lt;group&gt;</string>
		</dict>
		<key>EF24DA7F1E132FD0006AA5E2</key>
		<dict>
			<key>fileRef</key>
			<string>EF24DA3C1E132FD0006AA5E2</string>
			<key>isa</key>
			<string>PBXBuildFile</string>
		</dict>
		<key>EF24DA801E132FD0006AA5E2</key>
		<dict>
			<key>fileRef</key>
			<string>EF24DA401E132FD0006AA5E2</string>
			<key>isa</key>
			<string>PBXBuildFile</string>
		</dict>
		<key>EF24DA811E132FD0006AA5E2</key>
		<dict>
			<key>fileRef</key>
			<string>EF24DA441E132FD0006AA5E2</string>
			<key>isa</key>
			<string>PBXBuildFile</string>
		</dict>
		<key>EF24DA821E132FD0006AA5E2</key>
		<dict>
			<key>fileRef</key>
			<string>EF24DA461E132FD0006AA5E2</string>
			<key>isa</key>
			<string>PBXBuildFile</string>
		</dict>
		<key>EF24DA831E132FD0006AA5E2</key>
		<dict>
			<key>fileRef</key>
			<string>EF24DA4B1E132FD0006AA5E2</string>
			<key>isa</key>
			<string>PBXBuildFile</string>
		</dict>
		<key>EF24DA841E132FD0006AA5E2</key>
		<dict>
			<key>fileRef</key>
			<string>EF24DA521E132FD0006AA5E2</string>
			<key>isa</key>
			<string>PBXBuildFile</string>
		</dict>
		<key>EF24DA851E132FD0006AA5E2</key>
		<dict>
			<key>fileRef</key>
			<string>EF24DA5C1E132FD0006AA5E2</string>
			<key>isa</key>
			<string>PBXBuildFile</string>
		</dict>
		<key>EF24DA861E132FD0006AA5E2</key>
		<dict>
			<key>fileRef</key>
			<string>EF24DA621E132FD0006AA5E2</string>
			<key>isa</key>
			<string>PBXBuildFile</string>
		</dict>
		<key>EF24DA871E132FD0006AA5E2</key>
		<dict>
			<key>fileRef</key>
			<string>EF24DA691E132FD0006AA5E2</string>
			<key>isa</key>
			<string>PBXBuildFile</string>
		</dict>
		<key>EF24DA881E132FD0006AA5E2</key>
		<dict>
			<key>fileRef</key>
			<string>EF24DA6B1E132FD0006AA5E2</string>
			<key>isa</key>
			<string>PBXBuildFile</string>
		</dict>
		<key>EF24DA891E132FD0006AA5E2</key>
		<dict>
			<key>fileRef</key>
			<string>EF24DA6D1E132FD0006AA5E2</string>
			<key>isa</key>
			<string>PBXBuildFile</string>
		</dict>
		<key>EF24DA8A1E132FD0006AA5E2</key>
		<dict>
			<key>fileRef</key>
			<string>EF24DA6F1E132FD0006AA5E2</string>
			<key>isa</key>
			<string>PBXBuildFile</string>
		</dict>
		<key>EF24DA8B1E132FD0006AA5E2</key>
		<dict>
			<key>fileRef</key>
			<string>EF24DA711E132FD0006AA5E2</string>
			<key>isa</key>
			<string>PBXBuildFile</string>
		</dict>
		<key>EF24DA8C1E132FD0006AA5E2</key>
		<dict>
			<key>fileRef</key>
			<string>EF24DA731E132FD0006AA5E2</string>
			<key>isa</key>
			<string>PBXBuildFile</string>
		</dict>
		<key>EF24DA8D1E132FD0006AA5E2</key>
		<dict>
			<key>fileRef</key>
			<string>EF24DA751E132FD0006AA5E2</string>
			<key>isa</key>
			<string>PBXBuildFile</string>
		</dict>
		<key>EF24DA8E1E132FD0006AA5E2</key>
		<dict>
			<key>fileRef</key>
			<string>EF24DA761E132FD0006AA5E2</string>
			<key>isa</key>
			<string>PBXBuildFile</string>
		</dict>
		<key>EF24DA8F1E132FD0006AA5E2</key>
		<dict>
			<key>fileRef</key>
			<string>EF24DA781E132FD0006AA5E2</string>
			<key>isa</key>
			<string>PBXBuildFile</string>
		</dict>
		<key>EF24DA901E132FD0006AA5E2</key>
		<dict>
			<key>fileRef</key>
			<string>EF24DA7C1E132FD0006AA5E2</string>
			<key>isa</key>
			<string>PBXBuildFile</string>
		</dict>
		<key>EF24DA9A1E133093006AA5E2</key>
		<dict>
			<key>fileEncoding</key>
			<string>4</string>
			<key>isa</key>
			<string>PBXFileReference</string>
			<key>lastKnownFileType</key>
			<string>sourcecode.c.h</string>
			<key>path</key>
			<string>AppDelegate.h</string>
			<key>sourceTree</key>
			<string>&lt;group&gt;</string>
		</dict>
		<key>EF24DA9B1E133093006AA5E2</key>
		<dict>
			<key>fileEncoding</key>
			<string>4</string>
			<key>isa</key>
			<string>PBXFileReference</string>
			<key>lastKnownFileType</key>
			<string>sourcecode.c.objc</string>
			<key>path</key>
			<string>AppDelegate.m</string>
			<key>sourceTree</key>
			<string>&lt;group&gt;</string>
		</dict>
		<key>EF24DA9C1E133093006AA5E2</key>
		<dict>
			<key>fileEncoding</key>
			<string>4</string>
			<key>isa</key>
			<string>PBXFileReference</string>
			<key>lastKnownFileType</key>
			<string>sourcecode.c.objc</string>
			<key>path</key>
			<string>main.m</string>
			<key>sourceTree</key>
			<string>&lt;group&gt;</string>
		</dict>
		<key>EF24DA9D1E133093006AA5E2</key>
		<dict>
			<key>fileEncoding</key>
			<string>4</string>
			<key>isa</key>
			<string>PBXFileReference</string>
			<key>lastKnownFileType</key>
			<string>sourcecode.c.h</string>
			<key>path</key>
			<string>PrefixHeader.pch</string>
			<key>sourceTree</key>
			<string>&lt;group&gt;</string>
		</dict>
		<key>EF24DA9E1E133093006AA5E2</key>
		<dict>
			<key>fileEncoding</key>
			<string>4</string>
			<key>isa</key>
			<string>PBXFileReference</string>
			<key>lastKnownFileType</key>
			<string>sourcecode.c.h</string>
			<key>path</key>
			<string>TabBarViewController.h</string>
			<key>sourceTree</key>
			<string>&lt;group&gt;</string>
		</dict>
		<key>EF24DA9F1E133093006AA5E2</key>
		<dict>
			<key>fileEncoding</key>
			<string>4</string>
			<key>isa</key>
			<string>PBXFileReference</string>
			<key>lastKnownFileType</key>
			<string>sourcecode.c.objc</string>
			<key>path</key>
			<string>TabBarViewController.m</string>
			<key>sourceTree</key>
			<string>&lt;group&gt;</string>
		</dict>
		<key>EF24DAA01E133093006AA5E2</key>
		<dict>
			<key>fileRef</key>
			<string>EF24DA9B1E133093006AA5E2</string>
			<key>isa</key>
			<string>PBXBuildFile</string>
		</dict>
		<key>EF24DAA11E133093006AA5E2</key>
		<dict>
			<key>fileRef</key>
			<string>EF24DA9C1E133093006AA5E2</string>
			<key>isa</key>
			<string>PBXBuildFile</string>
		</dict>
		<key>EF24DAA21E133093006AA5E2</key>
		<dict>
			<key>fileRef</key>
			<string>EF24DA9F1E133093006AA5E2</string>
			<key>isa</key>
			<string>PBXBuildFile</string>
		</dict>
		<key>EF24DAA31E1330C1006AA5E2</key>
		<dict>
			<key>fileEncoding</key>
			<string>4</string>
			<key>isa</key>
			<string>PBXFileReference</string>
			<key>lastKnownFileType</key>
			<string>sourcecode.c.h</string>
			<key>path</key>
			<string>UIImage+Image.h</string>
			<key>sourceTree</key>
			<string>&lt;group&gt;</string>
		</dict>
		<key>EF24DAA41E1330C1006AA5E2</key>
		<dict>
			<key>fileEncoding</key>
			<string>4</string>
			<key>isa</key>
			<string>PBXFileReference</string>
			<key>lastKnownFileType</key>
			<string>sourcecode.c.objc</string>
			<key>path</key>
			<string>UIImage+Image.m</string>
			<key>sourceTree</key>
			<string>&lt;group&gt;</string>
		</dict>
		<key>EF24DAA51E1330C1006AA5E2</key>
		<dict>
			<key>fileRef</key>
			<string>EF24DAA41E1330C1006AA5E2</string>
			<key>isa</key>
			<string>PBXBuildFile</string>
		</dict>
		<key>EF24DAA61E1330CE006AA5E2</key>
		<dict>
			<key>fileEncoding</key>
			<string>4</string>
			<key>isa</key>
			<string>PBXFileReference</string>
			<key>lastKnownFileType</key>
			<string>sourcecode.c.h</string>
			<key>path</key>
			<string>UIBarButtonItem+BarButtonItem.h</string>
			<key>sourceTree</key>
			<string>&lt;group&gt;</string>
		</dict>
		<key>EF24DAA71E1330CE006AA5E2</key>
		<dict>
			<key>fileEncoding</key>
			<string>4</string>
			<key>isa</key>
			<string>PBXFileReference</string>
			<key>lastKnownFileType</key>
			<string>sourcecode.c.objc</string>
			<key>path</key>
			<string>UIBarButtonItem+BarButtonItem.m</string>
			<key>sourceTree</key>
			<string>&lt;group&gt;</string>
		</dict>
		<key>EF24DAA81E1330CE006AA5E2</key>
		<dict>
			<key>fileRef</key>
			<string>EF24DAA71E1330CE006AA5E2</string>
			<key>isa</key>
			<string>PBXBuildFile</string>
		</dict>
		<key>EF24DAA91E1330E8006AA5E2</key>
		<dict>
			<key>fileEncoding</key>
			<string>4</string>
			<key>isa</key>
			<string>PBXFileReference</string>
			<key>lastKnownFileType</key>
			<string>sourcecode.c.h</string>
			<key>path</key>
			<string>OrderController.h</string>
			<key>sourceTree</key>
			<string>&lt;group&gt;</string>
		</dict>
		<key>EF24DAAA1E1330E8006AA5E2</key>
		<dict>
			<key>fileEncoding</key>
			<string>4</string>
			<key>isa</key>
			<string>PBXFileReference</string>
			<key>lastKnownFileType</key>
			<string>sourcecode.c.objc</string>
			<key>path</key>
			<string>OrderController.m</string>
			<key>sourceTree</key>
			<string>&lt;group&gt;</string>
		</dict>
		<key>EF24DAAB1E1330E8006AA5E2</key>
		<dict>
			<key>fileRef</key>
			<string>EF24DAAA1E1330E8006AA5E2</string>
			<key>isa</key>
			<string>PBXBuildFile</string>
		</dict>
		<key>EF24DAAC1E1330EF006AA5E2</key>
		<dict>
			<key>fileEncoding</key>
			<string>4</string>
			<key>isa</key>
			<string>PBXFileReference</string>
			<key>lastKnownFileType</key>
			<string>sourcecode.c.h</string>
			<key>path</key>
			<string>OrderCell.h</string>
			<key>sourceTree</key>
			<string>&lt;group&gt;</string>
		</dict>
		<key>EF24DAAD1E1330EF006AA5E2</key>
		<dict>
			<key>fileEncoding</key>
			<string>4</string>
			<key>isa</key>
			<string>PBXFileReference</string>
			<key>lastKnownFileType</key>
			<string>sourcecode.c.objc</string>
			<key>path</key>
			<string>OrderCell.m</string>
			<key>sourceTree</key>
			<string>&lt;group&gt;</string>
		</dict>
		<key>EF24DAAE1E1330EF006AA5E2</key>
		<dict>
			<key>fileEncoding</key>
			<string>4</string>
			<key>isa</key>
			<string>PBXFileReference</string>
			<key>lastKnownFileType</key>
			<string>file.xib</string>
			<key>path</key>
			<string>OrderCell.xib</string>
			<key>sourceTree</key>
			<string>&lt;group&gt;</string>
		</dict>
		<key>EF24DAAF1E1330EF006AA5E2</key>
		<dict>
			<key>fileEncoding</key>
			<string>4</string>
			<key>isa</key>
			<string>PBXFileReference</string>
			<key>lastKnownFileType</key>
			<string>sourcecode.c.h</string>
			<key>path</key>
			<string>OrderHeaderView.h</string>
			<key>sourceTree</key>
			<string>&lt;group&gt;</string>
		</dict>
		<key>EF24DAB01E1330EF006AA5E2</key>
		<dict>
			<key>fileEncoding</key>
			<string>4</string>
			<key>isa</key>
			<string>PBXFileReference</string>
			<key>lastKnownFileType</key>
			<string>sourcecode.c.objc</string>
			<key>path</key>
			<string>OrderHeaderView.m</string>
			<key>sourceTree</key>
			<string>&lt;group&gt;</string>
		</dict>
		<key>EF24DAB11E1330EF006AA5E2</key>
		<dict>
			<key>fileEncoding</key>
			<string>4</string>
			<key>isa</key>
			<string>PBXFileReference</string>
			<key>lastKnownFileType</key>
			<string>file.xib</string>
			<key>path</key>
			<string>OrderHeaderView.xib</string>
			<key>sourceTree</key>
			<string>&lt;group&gt;</string>
		</dict>
		<key>EF24DAB21E1330EF006AA5E2</key>
		<dict>
			<key>fileEncoding</key>
			<string>4</string>
			<key>isa</key>
			<string>PBXFileReference</string>
			<key>lastKnownFileType</key>
			<string>sourcecode.c.h</string>
			<key>path</key>
			<string>OrderTableView.h</string>
			<key>sourceTree</key>
			<string>&lt;group&gt;</string>
		</dict>
		<key>EF24DAB31E1330EF006AA5E2</key>
		<dict>
			<key>fileEncoding</key>
			<string>4</string>
			<key>isa</key>
			<string>PBXFileReference</string>
			<key>lastKnownFileType</key>
			<string>sourcecode.c.objc</string>
			<key>path</key>
			<string>OrderTableView.m</string>
			<key>sourceTree</key>
			<string>&lt;group&gt;</string>
		</dict>
		<key>EF24DAB41E1330EF006AA5E2</key>
		<dict>
			<key>fileRef</key>
			<string>EF24DAAD1E1330EF006AA5E2</string>
			<key>isa</key>
			<string>PBXBuildFile</string>
		</dict>
		<key>EF24DAB51E1330EF006AA5E2</key>
		<dict>
			<key>fileRef</key>
			<string>EF24DAAE1E1330EF006AA5E2</string>
			<key>isa</key>
			<string>PBXBuildFile</string>
		</dict>
		<key>EF24DAB61E1330EF006AA5E2</key>
		<dict>
			<key>fileRef</key>
			<string>EF24DAB01E1330EF006AA5E2</string>
			<key>isa</key>
			<string>PBXBuildFile</string>
		</dict>
		<key>EF24DAB71E1330EF006AA5E2</key>
		<dict>
			<key>fileRef</key>
			<string>EF24DAB11E1330EF006AA5E2</string>
			<key>isa</key>
			<string>PBXBuildFile</string>
		</dict>
		<key>EF24DAB81E1330EF006AA5E2</key>
		<dict>
			<key>fileRef</key>
			<string>EF24DAB31E1330EF006AA5E2</string>
			<key>isa</key>
			<string>PBXBuildFile</string>
		</dict>
		<key>EFDD07841E1146C00083C80A</key>
		<dict>
			<key>children</key>
			<array>
				<string>EFDD078F1E1146C00083C80A</string>
				<string>EFDD078E1E1146C00083C80A</string>
				<string>F3C373EFCB422F8036BB34D1</string>
				<string>9CC19962003B302C011C8299</string>
			</array>
			<key>isa</key>
			<string>PBXGroup</string>
			<key>sourceTree</key>
			<string>&lt;group&gt;</string>
		</dict>
		<key>EFDD07851E1146C00083C80A</key>
		<dict>
			<key>attributes</key>
			<dict>
				<key>LastUpgradeCheck</key>
				<string>0820</string>
				<key>ORGANIZATIONNAME</key>
				<string>wangchenlu</string>
				<key>TargetAttributes</key>
				<dict>
					<key>EFDD078C1E1146C00083C80A</key>
					<dict>
						<key>CreatedOnToolsVersion</key>
						<string>8.2</string>
						<key>DevelopmentTeam</key>
						<string>D96ZDW3KYV</string>
						<key>ProvisioningStyle</key>
						<string>Automatic</string>
					</dict>
				</dict>
			</dict>
			<key>buildConfigurationList</key>
			<string>EFDD07881E1146C00083C80A</string>
			<key>compatibilityVersion</key>
			<string>Xcode 3.2</string>
			<key>developmentRegion</key>
			<string>English</string>
			<key>hasScannedForEncodings</key>
			<string>0</string>
			<key>isa</key>
			<string>PBXProject</string>
			<key>knownRegions</key>
			<array>
				<string>en</string>
				<string>Base</string>
			</array>
			<key>mainGroup</key>
			<string>EFDD07841E1146C00083C80A</string>
			<key>productRefGroup</key>
			<string>EFDD078E1E1146C00083C80A</string>
			<key>projectDirPath</key>
			<string></string>
			<key>projectReferences</key>
			<array/>
			<key>projectRoot</key>
			<string></string>
			<key>targets</key>
			<array>
				<string>EFDD078C1E1146C00083C80A</string>
			</array>
		</dict>
		<key>EFDD07881E1146C00083C80A</key>
		<dict>
			<key>buildConfigurations</key>
			<array>
				<string>EFDD07A21E1146C00083C80A</string>
				<string>EFDD07A31E1146C00083C80A</string>
			</array>
			<key>defaultConfigurationIsVisible</key>
			<string>0</string>
			<key>defaultConfigurationName</key>
			<string>Release</string>
			<key>isa</key>
			<string>XCConfigurationList</string>
		</dict>
		<key>EFDD07891E1146C00083C80A</key>
		<dict>
			<key>buildActionMask</key>
			<string>2147483647</string>
			<key>files</key>
			<array>
				<string>EF24DAA01E133093006AA5E2</string>
				<string>EF24DA8D1E132FD0006AA5E2</string>
				<string>EF24DA811E132FD0006AA5E2</string>
				<string>EF24DA841E132FD0006AA5E2</string>
				<string>EF24DAB41E1330EF006AA5E2</string>
				<string>EF24DA7F1E132FD0006AA5E2</string>
				<string>EF24DAA81E1330CE006AA5E2</string>
				<string>EF24DA851E132FD0006AA5E2</string>
				<string>EF24DA831E132FD0006AA5E2</string>
				<string>EF24DA891E132FD0006AA5E2</string>
				<string>EF24DA861E132FD0006AA5E2</string>
				<string>EF24DAA11E133093006AA5E2</string>
				<string>EF24DA881E132FD0006AA5E2</string>
				<string>EF24DA801E132FD0006AA5E2</string>
				<string>EF24DA871E132FD0006AA5E2</string>
				<string>EF24DA8C1E132FD0006AA5E2</string>
				<string>EF24DAA51E1330C1006AA5E2</string>
				<string>EF24DA8F1E132FD0006AA5E2</string>
				<string>EF24DAA21E133093006AA5E2</string>
				<string>EF24DA901E132FD0006AA5E2</string>
				<string>EF24DAB81E1330EF006AA5E2</string>
				<string>EF24DAAB1E1330E8006AA5E2</string>
				<string>EF24DA8B1E132FD0006AA5E2</string>
				<string>EF24DA821E132FD0006AA5E2</string>
				<string>EF24DAB61E1330EF006AA5E2</string>
				<string>EF24DA8A1E132FD0006AA5E2</string>
			</array>
			<key>isa</key>
			<string>PBXSourcesBuildPhase</string>
			<key>runOnlyForDeploymentPostprocessing</key>
			<string>0</string>
		</dict>
		<key>EFDD078A1E1146C00083C80A</key>
		<dict>
			<key>buildActionMask</key>
			<string>2147483647</string>
			<key>files</key>
			<array>
				<string>CF01136A59D8393F1EC27771</string>
			</array>
			<key>isa</key>
			<string>PBXFrameworksBuildPhase</string>
			<key>runOnlyForDeploymentPostprocessing</key>
			<string>0</string>
		</dict>
		<key>EFDD078B1E1146C00083C80A</key>
		<dict>
			<key>buildActionMask</key>
			<string>2147483647</string>
			<key>files</key>
			<array>
				<string>EFDD07A01E1146C00083C80A</string>
				<string>00E592161E12A75100065BC4</string>
				<string>EF24DAB51E1330EF006AA5E2</string>
				<string>EF24DAB71E1330EF006AA5E2</string>
				<string>EFDD079D1E1146C00083C80A</string>
				<string>EFDD079B1E1146C00083C80A</string>
				<string>EF24DA8E1E132FD0006AA5E2</string>
			</array>
			<key>isa</key>
			<string>PBXResourcesBuildPhase</string>
			<key>runOnlyForDeploymentPostprocessing</key>
			<string>0</string>
		</dict>
		<key>EFDD078C1E1146C00083C80A</key>
		<dict>
			<key>buildConfigurationList</key>
			<string>EFDD07A41E1146C00083C80A</string>
			<key>buildPhases</key>
			<array>
				<string>15C87776DD7D03F74168176E</string>
				<string>EFDD07891E1146C00083C80A</string>
				<string>EFDD078A1E1146C00083C80A</string>
				<string>EFDD078B1E1146C00083C80A</string>
				<string>3840CEA18A19C77393B263F3</string>
				<string>CD092C989EB38F76C0A2CCF6</string>
			</array>
			<key>buildRules</key>
			<array/>
			<key>dependencies</key>
			<array/>
			<key>isa</key>
			<string>PBXNativeTarget</string>
			<key>name</key>
			<string>DianBa</string>
			<key>productName</key>
			<string>DianBa</string>
			<key>productReference</key>
			<string>EFDD078D1E1146C00083C80A</string>
			<key>productType</key>
			<string>com.apple.product-type.application</string>
		</dict>
		<key>EFDD078D1E1146C00083C80A</key>
		<dict>
			<key>explicitFileType</key>
			<string>wrapper.application</string>
			<key>includeInIndex</key>
			<string>0</string>
			<key>isa</key>
			<string>PBXFileReference</string>
			<key>path</key>
			<string>DianBa.app</string>
			<key>sourceTree</key>
			<string>BUILT_PRODUCTS_DIR</string>
		</dict>
		<key>EFDD078E1E1146C00083C80A</key>
		<dict>
			<key>children</key>
			<array>
				<string>EFDD078D1E1146C00083C80A</string>
			</array>
			<key>isa</key>
			<string>PBXGroup</string>
			<key>name</key>
			<string>Products</string>
			<key>sourceTree</key>
			<string>&lt;group&gt;</string>
		</dict>
		<key>EFDD078F1E1146C00083C80A</key>
		<dict>
			<key>children</key>
			<array>
				<string>EF24DA381E132FD0006AA5E2</string>
				<string>EFDD07901E1146C00083C80A</string>
			</array>
			<key>isa</key>
			<string>PBXGroup</string>
			<key>path</key>
			<string>DianBa</string>
			<key>sourceTree</key>
			<string>&lt;group&gt;</string>
		</dict>
		<key>EFDD07901E1146C00083C80A</key>
		<dict>
			<key>children</key>
			<array>
				<string>EFDD07991E1146C00083C80A</string>
				<string>EFDD079C1E1146C00083C80A</string>
				<string>EFDD079E1E1146C00083C80A</string>
				<string>00E592151E12A75100065BC4</string>
				<string>EFDD07A11E1146C00083C80A</string>
			</array>
			<key>isa</key>
			<string>PBXGroup</string>
			<key>name</key>
			<string>Supporting Files</string>
			<key>sourceTree</key>
			<string>&lt;group&gt;</string>
		</dict>
		<key>EFDD07991E1146C00083C80A</key>
		<dict>
			<key>children</key>
			<array>
				<string>EFDD079A1E1146C00083C80A</string>
			</array>
			<key>isa</key>
			<string>PBXVariantGroup</string>
			<key>name</key>
			<string>Main.storyboard</string>
			<key>sourceTree</key>
			<string>&lt;group&gt;</string>
		</dict>
		<key>EFDD079A1E1146C00083C80A</key>
		<dict>
			<key>isa</key>
			<string>PBXFileReference</string>
			<key>lastKnownFileType</key>
			<string>file.storyboard</string>
			<key>name</key>
			<string>Base</string>
			<key>path</key>
			<string>Base.lproj/Main.storyboard</string>
			<key>sourceTree</key>
			<string>&lt;group&gt;</string>
		</dict>
		<key>EFDD079B1E1146C00083C80A</key>
		<dict>
			<key>fileRef</key>
			<string>EFDD07991E1146C00083C80A</string>
			<key>isa</key>
			<string>PBXBuildFile</string>
		</dict>
		<key>EFDD079C1E1146C00083C80A</key>
		<dict>
			<key>isa</key>
			<string>PBXFileReference</string>
			<key>lastKnownFileType</key>
			<string>folder.assetcatalog</string>
			<key>path</key>
			<string>Assets.xcassets</string>
			<key>sourceTree</key>
			<string>&lt;group&gt;</string>
		</dict>
		<key>EFDD079D1E1146C00083C80A</key>
		<dict>
			<key>fileRef</key>
			<string>EFDD079C1E1146C00083C80A</string>
			<key>isa</key>
			<string>PBXBuildFile</string>
		</dict>
		<key>EFDD079E1E1146C00083C80A</key>
		<dict>
			<key>children</key>
			<array>
				<string>EFDD079F1E1146C00083C80A</string>
			</array>
			<key>isa</key>
			<string>PBXVariantGroup</string>
			<key>name</key>
			<string>LaunchScreen.storyboard</string>
			<key>sourceTree</key>
			<string>&lt;group&gt;</string>
		</dict>
		<key>EFDD079F1E1146C00083C80A</key>
		<dict>
			<key>isa</key>
			<string>PBXFileReference</string>
			<key>lastKnownFileType</key>
			<string>file.storyboard</string>
			<key>name</key>
			<string>Base</string>
			<key>path</key>
			<string>Base.lproj/LaunchScreen.storyboard</string>
			<key>sourceTree</key>
			<string>&lt;group&gt;</string>
		</dict>
		<key>EFDD07A01E1146C00083C80A</key>
		<dict>
			<key>fileRef</key>
			<string>EFDD079E1E1146C00083C80A</string>
			<key>isa</key>
			<string>PBXBuildFile</string>
		</dict>
		<key>EFDD07A11E1146C00083C80A</key>
		<dict>
			<key>isa</key>
			<string>PBXFileReference</string>
			<key>lastKnownFileType</key>
			<string>text.plist.xml</string>
			<key>path</key>
			<string>Info.plist</string>
			<key>sourceTree</key>
			<string>&lt;group&gt;</string>
		</dict>
		<key>EFDD07A21E1146C00083C80A</key>
		<dict>
			<key>buildSettings</key>
			<dict>
				<key>ALWAYS_SEARCH_USER_PATHS</key>
				<string>NO</string>
				<key>CLANG_ANALYZER_NONNULL</key>
				<string>YES</string>
				<key>CLANG_CXX_LANGUAGE_STANDARD</key>
				<string>gnu++0x</string>
				<key>CLANG_CXX_LIBRARY</key>
				<string>libc++</string>
				<key>CLANG_ENABLE_MODULES</key>
				<string>YES</string>
				<key>CLANG_ENABLE_OBJC_ARC</key>
				<string>YES</string>
				<key>CLANG_WARN_BOOL_CONVERSION</key>
				<string>YES</string>
				<key>CLANG_WARN_CONSTANT_CONVERSION</key>
				<string>YES</string>
				<key>CLANG_WARN_DIRECT_OBJC_ISA_USAGE</key>
				<string>YES_ERROR</string>
				<key>CLANG_WARN_DOCUMENTATION_COMMENTS</key>
				<string>YES</string>
				<key>CLANG_WARN_EMPTY_BODY</key>
				<string>YES</string>
				<key>CLANG_WARN_ENUM_CONVERSION</key>
				<string>YES</string>
				<key>CLANG_WARN_INFINITE_RECURSION</key>
				<string>YES</string>
				<key>CLANG_WARN_INT_CONVERSION</key>
				<string>YES</string>
				<key>CLANG_WARN_OBJC_ROOT_CLASS</key>
				<string>YES_ERROR</string>
				<key>CLANG_WARN_SUSPICIOUS_MOVE</key>
				<string>YES</string>
				<key>CLANG_WARN_UNREACHABLE_CODE</key>
				<string>YES</string>
				<key>CLANG_WARN__DUPLICATE_METHOD_MATCH</key>
				<string>YES</string>
				<key>CODE_SIGN_IDENTITY[sdk=iphoneos*]</key>
				<string>iPhone Developer</string>
				<key>COPY_PHASE_STRIP</key>
				<string>NO</string>
				<key>DEBUG_INFORMATION_FORMAT</key>
				<string>dwarf</string>
				<key>ENABLE_STRICT_OBJC_MSGSEND</key>
				<string>YES</string>
				<key>ENABLE_TESTABILITY</key>
				<string>YES</string>
				<key>GCC_C_LANGUAGE_STANDARD</key>
				<string>gnu99</string>
				<key>GCC_DYNAMIC_NO_PIC</key>
				<string>NO</string>
				<key>GCC_NO_COMMON_BLOCKS</key>
				<string>YES</string>
				<key>GCC_OPTIMIZATION_LEVEL</key>
				<string>0</string>
				<key>GCC_PREPROCESSOR_DEFINITIONS</key>
				<array>
					<string>DEBUG=1</string>
					<string>$(inherited)</string>
				</array>
				<key>GCC_WARN_64_TO_32_BIT_CONVERSION</key>
				<string>YES</string>
				<key>GCC_WARN_ABOUT_RETURN_TYPE</key>
				<string>YES_ERROR</string>
				<key>GCC_WARN_UNDECLARED_SELECTOR</key>
				<string>YES</string>
				<key>GCC_WARN_UNINITIALIZED_AUTOS</key>
				<string>YES_AGGRESSIVE</string>
				<key>GCC_WARN_UNUSED_FUNCTION</key>
				<string>YES</string>
				<key>GCC_WARN_UNUSED_VARIABLE</key>
				<string>YES</string>
				<key>IPHONEOS_DEPLOYMENT_TARGET</key>
				<string>10.0</string>
				<key>MTL_ENABLE_DEBUG_INFO</key>
				<string>YES</string>
				<key>ONLY_ACTIVE_ARCH</key>
				<string>YES</string>
				<key>SDKROOT</key>
				<string>iphoneos</string>
			</dict>
			<key>isa</key>
			<string>XCBuildConfiguration</string>
			<key>name</key>
			<string>Debug</string>
		</dict>
		<key>EFDD07A31E1146C00083C80A</key>
		<dict>
			<key>buildSettings</key>
			<dict>
				<key>ALWAYS_SEARCH_USER_PATHS</key>
				<string>NO</string>
				<key>CLANG_ANALYZER_NONNULL</key>
				<string>YES</string>
				<key>CLANG_CXX_LANGUAGE_STANDARD</key>
				<string>gnu++0x</string>
				<key>CLANG_CXX_LIBRARY</key>
				<string>libc++</string>
				<key>CLANG_ENABLE_MODULES</key>
				<string>YES</string>
				<key>CLANG_ENABLE_OBJC_ARC</key>
				<string>YES</string>
				<key>CLANG_WARN_BOOL_CONVERSION</key>
				<string>YES</string>
				<key>CLANG_WARN_CONSTANT_CONVERSION</key>
				<string>YES</string>
				<key>CLANG_WARN_DIRECT_OBJC_ISA_USAGE</key>
				<string>YES_ERROR</string>
				<key>CLANG_WARN_DOCUMENTATION_COMMENTS</key>
				<string>YES</string>
				<key>CLANG_WARN_EMPTY_BODY</key>
				<string>YES</string>
				<key>CLANG_WARN_ENUM_CONVERSION</key>
				<string>YES</string>
				<key>CLANG_WARN_INFINITE_RECURSION</key>
				<string>YES</string>
				<key>CLANG_WARN_INT_CONVERSION</key>
				<string>YES</string>
				<key>CLANG_WARN_OBJC_ROOT_CLASS</key>
				<string>YES_ERROR</string>
				<key>CLANG_WARN_SUSPICIOUS_MOVE</key>
				<string>YES</string>
				<key>CLANG_WARN_UNREACHABLE_CODE</key>
				<string>YES</string>
				<key>CLANG_WARN__DUPLICATE_METHOD_MATCH</key>
				<string>YES</string>
				<key>CODE_SIGN_IDENTITY[sdk=iphoneos*]</key>
				<string>iPhone Developer</string>
				<key>COPY_PHASE_STRIP</key>
				<string>NO</string>
				<key>DEBUG_INFORMATION_FORMAT</key>
				<string>dwarf-with-dsym</string>
				<key>ENABLE_NS_ASSERTIONS</key>
				<string>NO</string>
				<key>ENABLE_STRICT_OBJC_MSGSEND</key>
				<string>YES</string>
				<key>GCC_C_LANGUAGE_STANDARD</key>
				<string>gnu99</string>
				<key>GCC_NO_COMMON_BLOCKS</key>
				<string>YES</string>
				<key>GCC_WARN_64_TO_32_BIT_CONVERSION</key>
				<string>YES</string>
				<key>GCC_WARN_ABOUT_RETURN_TYPE</key>
				<string>YES_ERROR</string>
				<key>GCC_WARN_UNDECLARED_SELECTOR</key>
				<string>YES</string>
				<key>GCC_WARN_UNINITIALIZED_AUTOS</key>
				<string>YES_AGGRESSIVE</string>
				<key>GCC_WARN_UNUSED_FUNCTION</key>
				<string>YES</string>
				<key>GCC_WARN_UNUSED_VARIABLE</key>
				<string>YES</string>
				<key>IPHONEOS_DEPLOYMENT_TARGET</key>
				<string>10.0</string>
				<key>MTL_ENABLE_DEBUG_INFO</key>
				<string>NO</string>
				<key>SDKROOT</key>
				<string>iphoneos</string>
				<key>VALIDATE_PRODUCT</key>
				<string>YES</string>
			</dict>
			<key>isa</key>
			<string>XCBuildConfiguration</string>
			<key>name</key>
			<string>Release</string>
		</dict>
		<key>EFDD07A41E1146C00083C80A</key>
		<dict>
			<key>buildConfigurations</key>
			<array>
				<string>EFDD07A51E1146C00083C80A</string>
				<string>EFDD07A61E1146C00083C80A</string>
			</array>
			<key>defaultConfigurationIsVisible</key>
			<string>0</string>
			<key>defaultConfigurationName</key>
			<string>Release</string>
			<key>isa</key>
			<string>XCConfigurationList</string>
		</dict>
		<key>EFDD07A51E1146C00083C80A</key>
		<dict>
			<key>baseConfigurationReference</key>
			<string>7AB61EC6EF0A9EF970082E7F</string>
			<key>buildSettings</key>
			<dict>
				<key>ASSETCATALOG_COMPILER_APPICON_NAME</key>
				<string>AppIcon</string>
				<key>DEVELOPMENT_TEAM</key>
				<string>D96ZDW3KYV</string>
				<key>GCC_PRECOMPILE_PREFIX_HEADER</key>
				<string>YES</string>
				<key>GCC_PREFIX_HEADER</key>
				<string>/Users/wangchenlu/Desktop/&#26410;&#21629;&#21517;&#25991;&#20214;&#22841;/dianba/DianBa/DianBa/Class/Other/PrefixHeader.pch</string>
				<key>INFOPLIST_FILE</key>
				<string>DianBa/Info.plist</string>
				<key>IPHONEOS_DEPLOYMENT_TARGET</key>
				<string>10.0</string>
				<key>LD_RUNPATH_SEARCH_PATHS</key>
				<string>$(inherited) @executable_path/Frameworks</string>
				<key>LIBRARY_SEARCH_PATHS</key>
				<array>
					<string>$(inherited)</string>
					<string>$(PROJECT_DIR)/DianBa/Class/Other/Lib</string>
				</array>
				<key>PRODUCT_BUNDLE_IDENTIFIER</key>
				<string>com.wangchenlu.www.DianBa</string>
				<key>PRODUCT_NAME</key>
				<string>$(TARGET_NAME)</string>
			</dict>
			<key>isa</key>
			<string>XCBuildConfiguration</string>
			<key>name</key>
			<string>Debug</string>
		</dict>
		<key>EFDD07A61E1146C00083C80A</key>
		<dict>
			<key>baseConfigurationReference</key>
			<string>F67FBD5FF06BEE3427429983</string>
			<key>buildSettings</key>
			<dict>
				<key>ASSETCATALOG_COMPILER_APPICON_NAME</key>
				<string>AppIcon</string>
				<key>DEVELOPMENT_TEAM</key>
				<string>D96ZDW3KYV</string>
				<key>GCC_PRECOMPILE_PREFIX_HEADER</key>
				<string>YES</string>
				<key>GCC_PREFIX_HEADER</key>
				<string>/Users/wangchenlu/Desktop/&#26410;&#21629;&#21517;&#25991;&#20214;&#22841;/dianba/DianBa/DianBa/Class/Other/PrefixHeader.pch</string>
				<key>INFOPLIST_FILE</key>
				<string>DianBa/Info.plist</string>
				<key>IPHONEOS_DEPLOYMENT_TARGET</key>
				<string>10.0</string>
				<key>LD_RUNPATH_SEARCH_PATHS</key>
				<string>$(inherited) @executable_path/Frameworks</string>
				<key>LIBRARY_SEARCH_PATHS</key>
				<array>
					<string>$(inherited)</string>
					<string>$(PROJECT_DIR)/DianBa/Class/Other/Lib</string>
				</array>
				<key>PRODUCT_BUNDLE_IDENTIFIER</key>
				<string>com.wangchenlu.www.DianBa</string>
				<key>PRODUCT_NAME</key>
				<string>$(TARGET_NAME)</string>
			</dict>
			<key>isa</key>
			<string>XCBuildConfiguration</string>
			<key>name</key>
			<string>Release</string>
		</dict>
		<key>F3C373EFCB422F8036BB34D1</key>
		<dict>
			<key>children</key>
			<array>
				<string>7AB61EC6EF0A9EF970082E7F</string>
				<string>F67FBD5FF06BEE3427429983</string>
			</array>
			<key>isa</key>
			<string>PBXGroup</string>
			<key>name</key>
			<string>Pods</string>
			<key>sourceTree</key>
			<string>&lt;group&gt;</string>
		</dict>
		<key>F67FBD5FF06BEE3427429983</key>
		<dict>
			<key>includeInIndex</key>
			<string>1</string>
			<key>isa</key>
			<string>PBXFileReference</string>
			<key>lastKnownFileType</key>
			<string>text.xcconfig</string>
			<key>name</key>
			<string>Pods-DianBa.release.xcconfig</string>
			<key>path</key>
			<string>Pods/Target Support Files/Pods-DianBa/Pods-DianBa.release.xcconfig</string>
			<key>sourceTree</key>
			<string>&lt;group&gt;</string>
		</dict>
	</dict>
	<key>rootObject</key>
	<string>EFDD07851E1146C00083C80A</string>
</dict>
</plist>
